{
  "name": "beer-app",
  "version": "1.0.0",
  "lockfileVersion": 1,
  "requires": true,
  "dependencies": {
    "overlayscrollbars": {
      "version": "1.13.1",
      "resolved": "https://registry.npmjs.org/overlayscrollbars/-/overlayscrollbars-1.13.1.tgz",
      "integrity": "sha512-gIQfzgGgu1wy80EB4/6DaJGHMEGmizq27xHIESrzXq0Y/J0Ay1P3DWk6tuVmEPIZH15zaBlxeEJOqdJKmowHCQ=="
    }
  }
}
